{
  "name": "st-panorama",
  "version": "1.0.0",
  "lockfileVersion": 2,
  "requires": true,
  "packages": {
    "": {
      "version": "1.0.0",
      "license": "ISC",
      "dependencies": {
        "photo-sphere-viewer": "^4.2.1"
      },
      "devDependencies": {
        "@types/node": "^15.0.1"
      }
    },
    "node_modules/@types/node": {
      "version": "15.0.1",
      "resolved": "https://registry.npmjs.org/@types/node/-/node-15.0.1.tgz",
      "integrity": "sha512-TMkXt0Ck1y0KKsGr9gJtWGjttxlZnnvDtphxUOSd0bfaR6Q1jle+sPvrzNR1urqYTWMinoKvjKfXUGsumaO1PA==",
      "dev": true
    },
    "node_modules/photo-sphere-viewer": {
      "version": "4.2.1",
      "resolved": "https://registry.npmjs.org/photo-sphere-viewer/-/photo-sphere-viewer-4.2.1.tgz",
      "integrity": "sha512-df/DUs/rwGgh3KawbccF/g4CMAT5Mwjqdgaf/PkWQ39A17BbppD7eTT6wkyo/dSsUPalUMPDcvfV2zf5ECk/Cg==",
      "dependencies": {
        "three": "^0.126.0",
        "uevent": "~2.0.0"
      }
    },
    "node_modules/three": {
      "version": "0.126.1",
      "resolved": "https://registry.npmjs.org/three/-/three-0.126.1.tgz",
      "integrity": "sha512-eOEXnZeE1FDV0XgL1u08auIP13jxdN9LQBAEmlErYzMxtIIfuGIAZbijOyookALUhqVzVOx0Tywj6n192VM+nQ=="
    },
    "node_modules/uevent": {
      "version": "2.0.1",
      "resolved": "https://registry.npmjs.org/uevent/-/uevent-2.0.1.tgz",
      "integrity": "sha512-jKGgT4/BVWVRSwGyGjZLen/VvUSKaW5E4JQPD0zBXVc5RP/PHZQrXBJwH1cBynhBV6pSLSbujNMydEC9Dho7ng=="
    }
  },
  "dependencies": {
    "@types/node": {
      "version": "15.0.1",
      "resolved": "https://registry.npmjs.org/@types/node/-/node-15.0.1.tgz",
      "integrity": "sha512-TMkXt0Ck1y0KKsGr9gJtWGjttxlZnnvDtphxUOSd0bfaR6Q1jle+sPvrzNR1urqYTWMinoKvjKfXUGsumaO1PA==",
      "dev": true
    },
    "photo-sphere-viewer": {
      "version": "4.2.1",
      "resolved": "https://registry.npmjs.org/photo-sphere-viewer/-/photo-sphere-viewer-4.2.1.tgz",
      "integrity": "sha512-df/DUs/rwGgh3KawbccF/g4CMAT5Mwjqdgaf/PkWQ39A17BbppD7eTT6wkyo/dSsUPalUMPDcvfV2zf5ECk/Cg==",
      "requires": {
        "three": "^0.126.0",
        "uevent": "~2.0.0"
      }
    },
    "three": {
      "version": "0.126.1",
      "resolved": "https://registry.npmjs.org/three/-/three-0.126.1.tgz",
      "integrity": "sha512-eOEXnZeE1FDV0XgL1u08auIP13jxdN9LQBAEmlErYzMxtIIfuGIAZbijOyookALUhqVzVOx0Tywj6n192VM+nQ=="
    },
    "uevent": {
      "version": "2.0.1",
      "resolved": "https://registry.npmjs.org/uevent/-/uevent-2.0.1.tgz",
      "integrity": "sha512-jKGgT4/BVWVRSwGyGjZLen/VvUSKaW5E4JQPD0zBXVc5RP/PHZQrXBJwH1cBynhBV6pSLSbujNMydEC9Dho7ng=="
    }
  }
}
